
Microsoft Visual Studio Solution File, Format Version 12.00
# Visual Studio Version 16
VisualStudioVersion = 16.0.32228.343
MinimumVisualStudioVersion = 10.0.40219.1
Project("{FAE04EC0-301F-11D3-BF4B-00C04F79EFBC}") = "Beecrowd1020", "Beecrowd1020\Beecrowd1020.csproj", "{C91DDE20-AE83-414D-B49F-C29C1B22AA1F}"
EndProject
Global
	GlobalSection(SolutionConfigurationPlatforms) = preSolution
		Debug|Any CPU = Debug|Any CPU
		Release|Any CPU = Release|Any CPU
	EndGlobalSection
	GlobalSection(ProjectConfigurationPlatforms) = postSolution
		{C91DDE20-AE83-414D-B49F-C29C1B22AA1F}.Debug|Any CPU.ActiveCfg = Debug|Any CPU
		{C91DDE20-AE83-414D-B49F-C29C1B22AA1F}.Debug|Any CPU.Build.0 = Debug|Any CPU
		{C91DDE20-AE83-414D-B49F-C29C1B22AA1F}.Release|Any CPU.ActiveCfg = Release|Any CPU
		{C91DDE20-AE83-414D-B49F-C29C1B22AA1F}.Release|Any CPU.Build.0 = Release|Any CPU
	EndGlobalSection
	GlobalSection(SolutionProperties) = preSolution
		HideSolutionNode = FALSE
	EndGlobalSection
	GlobalSection(ExtensibilityGlobals) = postSolution
		SolutionGuid = {2FC53DE1-6FC3-4136-8DAE-27F80F75AA76}
	EndGlobalSection
EndGlobal
