
Microsoft Visual Studio Solution File, Format Version 12.00
# Visual Studio Version 16
VisualStudioVersion = 16.0.32228.343
MinimumVisualStudioVersion = 10.0.40219.1
Project("{FAE04EC0-301F-11D3-BF4B-00C04F79EFBC}") = "Beecrowd1012", "Beecrowd1012\Beecrowd1012.csproj", "{DF2FB4B4-4EF8-4C00-B7EC-9A27C5A0ACF0}"
EndProject
Global
	GlobalSection(SolutionConfigurationPlatforms) = preSolution
		Debug|Any CPU = Debug|Any CPU
		Release|Any CPU = Release|Any CPU
	EndGlobalSection
	GlobalSection(ProjectConfigurationPlatforms) = postSolution
		{DF2FB4B4-4EF8-4C00-B7EC-9A27C5A0ACF0}.Debug|Any CPU.ActiveCfg = Debug|Any CPU
		{DF2FB4B4-4EF8-4C00-B7EC-9A27C5A0ACF0}.Debug|Any CPU.Build.0 = Debug|Any CPU
		{DF2FB4B4-4EF8-4C00-B7EC-9A27C5A0ACF0}.Release|Any CPU.ActiveCfg = Release|Any CPU
		{DF2FB4B4-4EF8-4C00-B7EC-9A27C5A0ACF0}.Release|Any CPU.Build.0 = Release|Any CPU
	EndGlobalSection
	GlobalSection(SolutionProperties) = preSolution
		HideSolutionNode = FALSE
	EndGlobalSection
	GlobalSection(ExtensibilityGlobals) = postSolution
		SolutionGuid = {568C857B-7BBC-48D8-ACA1-96E898A8E942}
	EndGlobalSection
EndGlobal
