
Microsoft Visual Studio Solution File, Format Version 12.00
# Visual Studio Version 16
VisualStudioVersion = 16.0.32228.343
MinimumVisualStudioVersion = 10.0.40219.1
Project("{FAE04EC0-301F-11D3-BF4B-00C04F79EFBC}") = "Beecrowd1009", "Beecrowd1009\Beecrowd1009.csproj", "{3DA5789D-C813-41A8-933E-5C3F5848C1A2}"
EndProject
Global
	GlobalSection(SolutionConfigurationPlatforms) = preSolution
		Debug|Any CPU = Debug|Any CPU
		Release|Any CPU = Release|Any CPU
	EndGlobalSection
	GlobalSection(ProjectConfigurationPlatforms) = postSolution
		{3DA5789D-C813-41A8-933E-5C3F5848C1A2}.Debug|Any CPU.ActiveCfg = Debug|Any CPU
		{3DA5789D-C813-41A8-933E-5C3F5848C1A2}.Debug|Any CPU.Build.0 = Debug|Any CPU
		{3DA5789D-C813-41A8-933E-5C3F5848C1A2}.Release|Any CPU.ActiveCfg = Release|Any CPU
		{3DA5789D-C813-41A8-933E-5C3F5848C1A2}.Release|Any CPU.Build.0 = Release|Any CPU
	EndGlobalSection
	GlobalSection(SolutionProperties) = preSolution
		HideSolutionNode = FALSE
	EndGlobalSection
	GlobalSection(ExtensibilityGlobals) = postSolution
		SolutionGuid = {EE863621-7DD9-4032-A667-184D7FADCCAE}
	EndGlobalSection
EndGlobal
